
Microsoft Visual Studio Solution File, Format Version 12.00
# Visual Studio Version 17
VisualStudioVersion = 17.2.32602.215
MinimumVisualStudioVersion = 10.0.40219.1
Project("{FAE04EC0-301F-11D3-BF4B-00C04F79EFBC}") = "Incidents-Accounts-Contacts", "Incidents-Accounts-Contacts\Incidents-Accounts-Contacts.csproj", "{74AC6B98-92A4-4490-BF2B-094C672E1A65}"
EndProject
Project("{FAE04EC0-301F-11D3-BF4B-00C04F79EFBC}") = "Data", "Data\Data.csproj", "{9D588B05-26A4-4140-9215-387F9B687391}"
EndProject
Project("{FAE04EC0-301F-11D3-BF4B-00C04F79EFBC}") = "Business", "Business\Business.csproj", "{649866AE-AD16-4D27-AD4F-16192A5971E8}"
EndProject
Global
	GlobalSection(SolutionConfigurationPlatforms) = preSolution
		Debug|Any CPU = Debug|Any CPU
		Release|Any CPU = Release|Any CPU
	EndGlobalSection
	GlobalSection(ProjectConfigurationPlatforms) = postSolution
		{74AC6B98-92A4-4490-BF2B-094C672E1A65}.Debug|Any CPU.ActiveCfg = Debug|Any CPU
		{74AC6B98-92A4-4490-BF2B-094C672E1A65}.Debug|Any CPU.Build.0 = Debug|Any CPU
		{74AC6B98-92A4-4490-BF2B-094C672E1A65}.Release|Any CPU.ActiveCfg = Release|Any CPU
		{74AC6B98-92A4-4490-BF2B-094C672E1A65}.Release|Any CPU.Build.0 = Release|Any CPU
		{9D588B05-26A4-4140-9215-387F9B687391}.Debug|Any CPU.ActiveCfg = Debug|Any CPU
		{9D588B05-26A4-4140-9215-387F9B687391}.Debug|Any CPU.Build.0 = Debug|Any CPU
		{9D588B05-26A4-4140-9215-387F9B687391}.Release|Any CPU.ActiveCfg = Release|Any CPU
		{9D588B05-26A4-4140-9215-387F9B687391}.Release|Any CPU.Build.0 = Release|Any CPU
		{649866AE-AD16-4D27-AD4F-16192A5971E8}.Debug|Any CPU.ActiveCfg = Debug|Any CPU
		{649866AE-AD16-4D27-AD4F-16192A5971E8}.Debug|Any CPU.Build.0 = Debug|Any CPU
		{649866AE-AD16-4D27-AD4F-16192A5971E8}.Release|Any CPU.ActiveCfg = Release|Any CPU
		{649866AE-AD16-4D27-AD4F-16192A5971E8}.Release|Any CPU.Build.0 = Release|Any CPU
	EndGlobalSection
	GlobalSection(SolutionProperties) = preSolution
		HideSolutionNode = FALSE
	EndGlobalSection
	GlobalSection(ExtensibilityGlobals) = postSolution
		SolutionGuid = {E3E5ADB4-4B72-4821-A51E-3FBB7CEFE235}
	EndGlobalSection
EndGlobal
